# THIS IS AN AUTOGENERATED FILE. DO NOT EDIT THIS FILE DIRECTLY.
# yarn lockfile v1


"@artdeco/clean-stack@^1.1.1":
  version "1.1.1"
  resolved "https://registry.yarnpkg.com/@artdeco/clean-stack/-/clean-stack-1.1.1.tgz#0a68b9a061b5076ebaf948c150ea26d09c1e753f"
  integrity sha512-q5lO3vGUo0WgkSqzgzjL0HQdA9t2HzQqZISuVuQWMh9xqLuiLFP/ZTsxFc8vpMl7mNpGk7Mm0OeyFQ+Evrp0Cw==

"@babel/helper-plugin-utils@^7.0.0":
  version "7.0.0"
  resolved "https://registry.yarnpkg.com/@babel/helper-plugin-utils/-/helper-plugin-utils-7.0.0.tgz#bbb3fbee98661c569034237cc03967ba99b4f250"
  integrity sha512-CYAOUCARwExnEixLdB6sDm2dIJ/YgEAKDM1MOeMeZu9Ld/bDgVo8aiWrXwcY7OBh+1Ea2uUcVRcxKk0GJvW7QA==

"@babel/helper-regex@^7.4.4":
  version "7.5.5"
  resolved "https://registry.yarnpkg.com/@babel/helper-regex/-/helper-regex-7.5.5.tgz#0aa6824f7100a2e0e89c1527c23936c152cab351"
  integrity sha512-CkCYQLkfkiugbRDO8eZn6lRuR8kzZoGXCg3149iTk5se7g6qykSpy3+hELSwquhu+TgHn8nkLiBwHvNX8Hofcw==
  dependencies:
    lodash "^4.17.13"

"@babel/plugin-proposal-unicode-property-regex@7.4.4":
  version "7.4.4"
  resolved "https://registry.yarnpkg.com/@babel/plugin-proposal-unicode-property-regex/-/plugin-proposal-unicode-property-regex-7.4.4.tgz#501ffd9826c0b91da22690720722ac7cb1ca9c78"
  integrity sha512-j1NwnOqMG9mFUOH58JTFsA/+ZYzQLUZ/drqWUqxCYLGeu2JFZL8YrNC9hBxKmWtAuOCHPcRpgv7fhap09Fb4kA==
  dependencies:
    "@babel/helper-plugin-utils" "^7.0.0"
    "@babel/helper-regex" "^7.4.4"
    regexpu-core "^4.5.4"

"@typedefs/parser@^1.3.2":
  version "1.3.2"
  resolved "https://registry.yarnpkg.com/@typedefs/parser/-/parser-1.3.2.tgz#38f25cc0d2f01c1c5306c9ae7db00a4ba8affef2"
  integrity sha512-gb6kBAl6qbrUPGJyEDfU7v87WjVfanfRaACRhccbs4JuIYNWl5fugovy3ftMnenXHuIuGu/dOHt+s+XIhdC2KA==

"@wrote/read@^1.0.4":
  version "1.0.4"
  resolved "https://registry.yarnpkg.com/@wrote/read/-/read-1.0.4.tgz#b7343b3bbfb1d1b9ed35ee87e8021730f13f5fcf"
  integrity sha512-wRvv11mvywo2UIeFhvJ7SCO30hvW0P6jMBo1cAlYQOFwbdbTZYZxHdb1zz3VMF8o74W3xQAuvS78DNmA47NumQ==
  dependencies:
    catchment "^3.3.0"

"@zoroaster/assert@^1.0.2":
  version "1.0.2"
  resolved "https://registry.yarnpkg.com/@zoroaster/assert/-/assert-1.0.2.tgz#8ffe2ebb10c81d570d4965080f942af688321a1f"
  integrity sha512-5C0LDzW8DkiSSCLyYO9ux3R5ru65yEn/GtxH1wh7ukRhLAZ/Svx4+A81YvciXcn35B2VmvCqyiTrhNdxdgusSw==

"@zoroaster/mask@^2.1.1":
  version "2.2.0"
  resolved "https://registry.yarnpkg.com/@zoroaster/mask/-/mask-2.2.0.tgz#fecdcb6f863440519b91b51f09549b1e981e84da"
  integrity sha512-/k9B/ofxE4x9Vs6EOjXQjcsltraJzNLg/uxEwzfCZUN+foiJxK/j+YBiyJmN3Gwpnry2D3Qs0D3Qm+SMkLqkTg==

alamode@^2.1.2:
  version "2.3.6"
  resolved "https://registry.yarnpkg.com/alamode/-/alamode-2.3.6.tgz#694aec4d7233c2832cc54cbf6c5b8662b2c17ad3"
  integrity sha512-iHvP3Qic5Zk3I/CjIUlEthqnpwj7MykOn5sDVqXdhURdGhk7fwsykWff1vCurcp+thmMnHyzQ+Nw5T8I6W9LNA==

alamode@^2.4.0:
  version "2.4.0"
  resolved "https://registry.yarnpkg.com/alamode/-/alamode-2.4.0.tgz#f774e808acb214f93a890c139ad7819e05d8f1b2"
  integrity sha512-SpZICdlHLK+9uRVkJEJlqPMlvbE03B28TtCzwBNfjLzc7hAZVghzlOn4lSUQLYXK06/4ae7GxLMn7eXMCSkiRw==

catchment@^1.0.0:
  version "1.0.0"
  resolved "https://registry.yarnpkg.com/catchment/-/catchment-1.0.0.tgz#3061f71be0102710be84328d2f94363a165f8c4b"
  integrity sha1-MGH3G+AQJxC+hDKNL5Q2OhZfjEs=

catchment@^3.3.0:
  version "3.3.0"
  resolved "https://registry.yarnpkg.com/catchment/-/catchment-3.3.0.tgz#e57eb70183d6a75ee71da0cb8ec2e76ac01317d2"
  integrity sha512-PACm54CBCUZv1uEOMyNiB6i0kkDMdDN0+VYXIQAaeZMDcjudyPccgpYLWQfGCwCW/Q9SOfD6MyBLmxL3qh7V3A==
  dependencies:
    "@artdeco/clean-stack" "^1.1.1"
    erotic "^2.1.0"

documentary@^1.31.0:
  version "1.31.0"
  resolved "https://registry.yarnpkg.com/documentary/-/documentary-1.31.0.tgz#3e4b9c7f0af22a65507bc63d230dab1a8c50b823"
  integrity sha512-BN3ro4ZRcAFHjC6LIFHQ3AEIGXgPedF/H5y2SF/fthY+krXa5IH+VrZgXXzbguTX6cg3hZMyMtxIbxS+fAi+Pw==
  dependencies:
    alamode "^2.4.0"
    preact "8.5.0"
    typal "^1.21.1"

erotic@^2.1.0:
  version "2.1.1"
  resolved "https://registry.yarnpkg.com/erotic/-/erotic-2.1.1.tgz#97f20c2d6e7fd2ec6f7996823009d3ac8ae7157f"
  integrity sha512-S1ns+uibigdXxxzqiO5VNZw3d0YNrVb4jZ7OUAklO4722/ytp+nta6txsUhYmnIEI0TF7jjXNjGvcmw0I/Rs7A==
  dependencies:
    "@artdeco/clean-stack" "^1.1.1"

eslint-config-artdeco@1.0.1:
  version "1.0.1"
  resolved "https://registry.yarnpkg.com/eslint-config-artdeco/-/eslint-config-artdeco-1.0.1.tgz#4451c9d0ed1ce4d33dfd43a6315f12c8bfb04274"
  integrity sha1-RFHJ0O0c5NM9/UOmMV8SyL+wQnQ=

jsesc@~0.5.0:
  version "0.5.0"
  resolved "https://registry.yarnpkg.com/jsesc/-/jsesc-0.5.0.tgz#e7dee66e35d6fc16f710fe91d5cf69f70f08911d"
  integrity sha1-597mbjXW/Bb3EP6R1c9p9w8IkR0=

lodash@^4.17.13:
  version "4.17.15"
  resolved "https://registry.yarnpkg.com/lodash/-/lodash-4.17.15.tgz#b447f6670a0455bbfeedd11392eff330ea097548"
  integrity sha512-8xOcRHvCjnocdS5cpwXQXVzmmh5e5+saE2QGoeQmbKmRS6J3VQppPOIt0MnmE+4xlZoumy0GPG0D0MVIQbNA1A==

mismatch@^1.2.0:
  version "1.2.0"
  resolved "https://registry.yarnpkg.com/mismatch/-/mismatch-1.2.0.tgz#3f5021861e8084e36a14c2c1f9489941cd18f790"
  integrity sha512-kuw1k8ZHS+12fBVAVOBXMBJBXcNGnByFTJIDzH4W4v84OocejZ/qzxmT4ll9CLX5OD23NXr+NvrQDus0BsQ8xw==

preact@8.5.0:
  version "8.5.0"
  resolved "https://registry.yarnpkg.com/preact/-/preact-8.5.0.tgz#05690de3af035cd8ad393e8b4057b8ab29aedee1"
  integrity sha512-S2OOz+lRjfbqDbV5LOIcJ6yfYvshDtKvvsMwaFW84wuw4HtFUYH67T+hnWhdCDYtW8BfmyIg9utz16s6U80HbA==

regenerate-unicode-properties@^8.0.2:
  version "8.1.0"
  resolved "https://registry.yarnpkg.com/regenerate-unicode-properties/-/regenerate-unicode-properties-8.1.0.tgz#ef51e0f0ea4ad424b77bf7cb41f3e015c70a3f0e"
  integrity sha512-LGZzkgtLY79GeXLm8Dp0BVLdQlWICzBnJz/ipWUgo59qBaZ+BHtq51P2q1uVZlppMuUAT37SDk39qUbjTWB7bA==
  dependencies:
    regenerate "^1.4.0"

regenerate@^1.4.0:
  version "1.4.0"
  resolved "https://registry.yarnpkg.com/regenerate/-/regenerate-1.4.0.tgz#4a856ec4b56e4077c557589cae85e7a4c8869a11"
  integrity sha512-1G6jJVDWrt0rK99kBjvEtziZNCICAuvIPkSiUFIQxVP06RCVpq3dmDo2oi6ABpYaDYaTRr67BEhL8r1wgEZZKg==

regexpu-core@^4.5.4:
  version "4.5.4"
  resolved "https://registry.yarnpkg.com/regexpu-core/-/regexpu-core-4.5.4.tgz#080d9d02289aa87fe1667a4f5136bc98a6aebaae"
  integrity sha512-BtizvGtFQKGPUcTy56o3nk1bGRp4SZOTYrDtGNlqCQufptV5IkkLN6Emw+yunAJjzf+C9FQFtvq7IoA3+oMYHQ==
  dependencies:
    regenerate "^1.4.0"
    regenerate-unicode-properties "^8.0.2"
    regjsgen "^0.5.0"
    regjsparser "^0.6.0"
    unicode-match-property-ecmascript "^1.0.4"
    unicode-match-property-value-ecmascript "^1.1.0"

regjsgen@^0.5.0:
  version "0.5.0"
  resolved "https://registry.yarnpkg.com/regjsgen/-/regjsgen-0.5.0.tgz#a7634dc08f89209c2049adda3525711fb97265dd"
  integrity sha512-RnIrLhrXCX5ow/E5/Mh2O4e/oa1/jW0eaBKTSy3LaCj+M3Bqvm97GWDp2yUtzIs4LEn65zR2yiYGFqb2ApnzDA==

regjsparser@^0.6.0:
  version "0.6.0"
  resolved "https://registry.yarnpkg.com/regjsparser/-/regjsparser-0.6.0.tgz#f1e6ae8b7da2bae96c99399b868cd6c933a2ba9c"
  integrity sha512-RQ7YyokLiQBomUJuUG8iGVvkgOLxwyZM8k6d3q5SAXpg4r5TZJZigKFvC6PpD+qQ98bCDC5YelPeA3EucDoNeQ==
  dependencies:
    jsesc "~0.5.0"

rexml@^2.1.0:
  version "2.1.0"
  resolved "https://registry.yarnpkg.com/rexml/-/rexml-2.1.0.tgz#1951674a53a6f15d887c10ae1a22e67fa24bacfe"
  integrity sha512-t6Ms0BFARYbHHQM0NIT2UwVCkMMD+kQ8ZL5zWhq7J0Spu+jGE5HxLzr3uA8+DCHyq+mfjRmuV/oJuh2h2fZvwQ==
  dependencies:
    mismatch "^1.2.0"

spawncommand@1.1.0:
  version "1.1.0"
  resolved "https://registry.yarnpkg.com/spawncommand/-/spawncommand-1.1.0.tgz#80a56ed3c06ab3b91643cf3f6cef38bf582fdb15"
  integrity sha1-gKVu08Bqs7kWQ88/bO84v1gv2xU=
  dependencies:
    catchment "^1.0.0"

typal@^1.21.1:
  version "1.21.1"
  resolved "https://registry.yarnpkg.com/typal/-/typal-1.21.1.tgz#344c1e51ba2ec08ccec907a859486dd22667e486"
  integrity sha512-MVuacOKSs/QwYGsDb9stCILVAb7fSjpt2Qp1erkVIpgIGIjcF3rJc5UZeNKvSvLcnD7EuGtxkqIDQma3CvjriA==
  dependencies:
    "@typedefs/parser" "^1.3.2"
    "@wrote/read" "^1.0.4"
    mismatch "^1.2.0"
    rexml "^2.1.0"

unicode-canonical-property-names-ecmascript@^1.0.4:
  version "1.0.4"
  resolved "https://registry.yarnpkg.com/unicode-canonical-property-names-ecmascript/-/unicode-canonical-property-names-ecmascript-1.0.4.tgz#2619800c4c825800efdd8343af7dd9933cbe2818"
  integrity sha512-jDrNnXWHd4oHiTZnx/ZG7gtUTVp+gCcTTKr8L0HjlwphROEW3+Him+IpvC+xcJEFegapiMZyZe02CyuOnRmbnQ==

unicode-match-property-ecmascript@^1.0.4:
  version "1.0.4"
  resolved "https://registry.yarnpkg.com/unicode-match-property-ecmascript/-/unicode-match-property-ecmascript-1.0.4.tgz#8ed2a32569961bce9227d09cd3ffbb8fed5f020c"
  integrity sha512-L4Qoh15vTfntsn4P1zqnHulG0LdXgjSO035fEpdtp6YxXhMT51Q6vgM5lYdG/5X3MjS+k/Y9Xw4SFCY9IkR0rg==
  dependencies:
    unicode-canonical-property-names-ecmascript "^1.0.4"
    unicode-property-aliases-ecmascript "^1.0.4"

unicode-match-property-value-ecmascript@^1.1.0:
  version "1.1.0"
  resolved "https://registry.yarnpkg.com/unicode-match-property-value-ecmascript/-/unicode-match-property-value-ecmascript-1.1.0.tgz#5b4b426e08d13a80365e0d657ac7a6c1ec46a277"
  integrity sha512-hDTHvaBk3RmFzvSl0UVrUmC3PuW9wKVnpoUDYH0JDkSIovzw+J5viQmeYHxVSBptubnr7PbH2e0fnpDRQnQl5g==

unicode-property-aliases-ecmascript@^1.0.4:
  version "1.0.5"
  resolved "https://registry.yarnpkg.com/unicode-property-aliases-ecmascript/-/unicode-property-aliases-ecmascript-1.0.5.tgz#a9cc6cc7ce63a0a3023fc99e341b94431d405a57"
  integrity sha512-L5RAqCfXqAwR3RriF8pM0lU0w4Ryf/GgzONwi6KnL1taJQa7x1TCxdJnILX59WIGOwR57IVxn7Nej0fz1Ny6fw==

yarn-s@1.1.0:
  version "1.1.0"
  resolved "https://registry.yarnpkg.com/yarn-s/-/yarn-s-1.1.0.tgz#8c65555d7c7ccb5a61e18440b8b0e4cb48b76b9d"
  integrity sha1-jGVVXXx8y1ph4YRAuLDky0i3a50=
  dependencies:
    spawncommand "1.1.0"

zoroaster@^4.1.1-alpha:
  version "4.1.1-alpha"
  resolved "https://registry.yarnpkg.com/zoroaster/-/zoroaster-4.1.1-alpha.tgz#06dbfc3f903edd3b46612200f108406a91d5d0ed"
  integrity sha512-p2mIXQhKGmaxFQdWSyNYAqK3gdtwBJhjgjOBX64L2rNJiZF7P9qCpY0ryY+BdJMORC4JuerJwihAsPgef2rHZw==
  dependencies:
    "@zoroaster/assert" "^1.0.2"
    "@zoroaster/mask" "^2.1.1"
    alamode "^2.1.2"
