# THIS IS AN AUTOGENERATED FILE. DO NOT EDIT THIS FILE DIRECTLY.
# yarn lockfile v1


"@babel/helper-plugin-utils@7.0.0-beta.54":
  version "7.0.0-beta.54"
  resolved "https://registry.yarnpkg.com/@babel/helper-plugin-utils/-/helper-plugin-utils-7.0.0-beta.54.tgz#61d2a9a0f9a3e31838a458debb9eebd7bdd249b4"

"@babel/helper-regex@7.0.0-beta.54":
  version "7.0.0-beta.54"
  resolved "https://registry.yarnpkg.com/@babel/helper-regex/-/helper-regex-7.0.0-beta.54.tgz#8ac562f855f132fc68dfd10b132552555ac870d9"
  dependencies:
    lodash "^4.17.5"

"@babel/plugin-proposal-unicode-property-regex@7.0.0-beta.54":
  version "7.0.0-beta.54"
  resolved "https://registry.yarnpkg.com/@babel/plugin-proposal-unicode-property-regex/-/plugin-proposal-unicode-property-regex-7.0.0-beta.54.tgz#1624631faf688bcbde4918712bd0af7186f7d245"
  dependencies:
    "@babel/helper-plugin-utils" "7.0.0-beta.54"
    "@babel/helper-regex" "7.0.0-beta.54"
    regexpu-core "^4.2.0"

"@wrote/read-dir-structure@1.0.0":
  version "1.0.0"
  resolved "https://registry.yarnpkg.com/@wrote/read-dir-structure/-/read-dir-structure-1.0.0.tgz#11b827934b493b2f730a32a91551eadacd41b936"
  dependencies:
    makepromise "2.0.0"

argufy@1.1.2:
  version "1.1.2"
  resolved "https://registry.yarnpkg.com/argufy/-/argufy-1.1.2.tgz#e99107e00e84b6272bedc0b9a93e42014edd5a72"

assert-diff@1.2.6:
  version "1.2.6"
  resolved "https://registry.yarnpkg.com/assert-diff/-/assert-diff-1.2.6.tgz#1b44d6f24a7e3018f557768ee350ae9a732c2fc6"
  dependencies:
    assert-plus "1.0.0"
    json-diff "0.5.2"

assert-plus@1.0.0:
  version "1.0.0"
  resolved "https://registry.yarnpkg.com/assert-plus/-/assert-plus-1.0.0.tgz#f12e0f3c5d77b0b1cdd9146942e4e96c1e4dd525"

assert-throws@2.1.0:
  version "2.1.0"
  resolved "https://registry.yarnpkg.com/assert-throws/-/assert-throws-2.1.0.tgz#bae47b8b04eed7a5953964a567f697c367a51da5"
  dependencies:
    erotic "1.1.0"
    erte "1.1.1"

catchment@2.0.1:
  version "2.0.1"
  resolved "https://registry.yarnpkg.com/catchment/-/catchment-2.0.1.tgz#df0a05ac2e1194cf280c2444d5bb564a9cc8f488"

catchment@^1.0.0:
  version "1.0.0"
  resolved "https://registry.yarnpkg.com/catchment/-/catchment-1.0.0.tgz#3061f71be0102710be84328d2f94363a165f8c4b"

clean-stack@1.3.0:
  version "1.3.0"
  resolved "https://registry.yarnpkg.com/clean-stack/-/clean-stack-1.3.0.tgz#9e821501ae979986c46b1d66d2d432db2fd4ae31"

cli-color@~0.1.6:
  version "0.1.7"
  resolved "https://registry.yarnpkg.com/cli-color/-/cli-color-0.1.7.tgz#adc3200fa471cc211b0da7f566b71e98b9d67347"
  dependencies:
    es5-ext "0.8.x"

diff@3.5.0:
  version "3.5.0"
  resolved "https://registry.yarnpkg.com/diff/-/diff-3.5.0.tgz#800c0dd1e0a8bfbc95835c202ad220fe317e5a12"

difflib@~0.2.1:
  version "0.2.4"
  resolved "https://registry.yarnpkg.com/difflib/-/difflib-0.2.4.tgz#b5e30361a6db023176d562892db85940a718f47e"
  dependencies:
    heap ">= 0.2.0"

documentary@1.8.2:
  version "1.8.2"
  resolved "https://registry.yarnpkg.com/documentary/-/documentary-1.8.2.tgz#3eeb907dfb57094abb2db38ec002d199dc2b999b"
  dependencies:
    argufy "1.1.2"
    catchment "2.0.1"
    pedantry "1.0.1"
    restream "2.1.0"
    spawncommand "2.0.1"

dreamopt@~0.6.0:
  version "0.6.0"
  resolved "https://registry.yarnpkg.com/dreamopt/-/dreamopt-0.6.0.tgz#d813ccdac8d39d8ad526775514a13dda664d6b4b"
  dependencies:
    wordwrap ">=0.0.2"

erotic@1.0.1:
  version "1.0.1"
  resolved "https://registry.yarnpkg.com/erotic/-/erotic-1.0.1.tgz#222fedd8215937b9e5d0ec37abb27889af63776f"
  dependencies:
    clean-stack "1.3.0"

erotic@1.1.0:
  version "1.1.0"
  resolved "https://registry.yarnpkg.com/erotic/-/erotic-1.1.0.tgz#ccfa6c05e836bae8610ac407dbe191efa9cdbeda"
  dependencies:
    clean-stack "1.3.0"

erte@1.1.1:
  version "1.1.1"
  resolved "https://registry.yarnpkg.com/erte/-/erte-1.1.1.tgz#b9bd6252168c256232a06e37e472d172a895c5ee"
  dependencies:
    diff "3.5.0"

es5-ext@0.8.x:
  version "0.8.2"
  resolved "https://registry.yarnpkg.com/es5-ext/-/es5-ext-0.8.2.tgz#aba8d9e1943a895ac96837a62a39b3f55ecd94ab"

eslint-config-artdeco@1.0.1:
  version "1.0.1"
  resolved "https://registry.yarnpkg.com/eslint-config-artdeco/-/eslint-config-artdeco-1.0.1.tgz#4451c9d0ed1ce4d33dfd43a6315f12c8bfb04274"

"heap@>= 0.2.0":
  version "0.2.6"
  resolved "https://registry.yarnpkg.com/heap/-/heap-0.2.6.tgz#087e1f10b046932fc8594dd9e6d378afc9d1e5ac"

jsesc@~0.5.0:
  version "0.5.0"
  resolved "https://registry.yarnpkg.com/jsesc/-/jsesc-0.5.0.tgz#e7dee66e35d6fc16f710fe91d5cf69f70f08911d"

json-diff@0.5.2:
  version "0.5.2"
  resolved "https://registry.yarnpkg.com/json-diff/-/json-diff-0.5.2.tgz#e0bc9e434cd2c4c6354487835e01bf3fed335cda"
  dependencies:
    cli-color "~0.1.6"
    difflib "~0.2.1"
    dreamopt "~0.6.0"

lodash@^4.17.5:
  version "4.17.10"
  resolved "https://registry.yarnpkg.com/lodash/-/lodash-4.17.10.tgz#1b7793cf7259ea38fb3661d4d38b3260af8ae4e7"

makepromise@2.0.0:
  version "2.0.0"
  resolved "https://registry.yarnpkg.com/makepromise/-/makepromise-2.0.0.tgz#3b91b9de3e36cd6979c94c38392f04ba4d8e1f18"
  dependencies:
    erotic "1.0.1"

pedantry@1.0.1:
  version "1.0.1"
  resolved "https://registry.yarnpkg.com/pedantry/-/pedantry-1.0.1.tgz#d32d78a3dfcf130c402fa65dce819c199c29ddbe"
  dependencies:
    "@wrote/read-dir-structure" "1.0.0"

promto@1.0.1:
  version "1.0.1"
  resolved "https://registry.yarnpkg.com/promto/-/promto-1.0.1.tgz#0a169fc7bd8f48cef1ee9faeace61a100305a536"

regenerate-unicode-properties@^7.0.0:
  version "7.0.0"
  resolved "https://registry.yarnpkg.com/regenerate-unicode-properties/-/regenerate-unicode-properties-7.0.0.tgz#107405afcc4a190ec5ed450ecaa00ed0cafa7a4c"
  dependencies:
    regenerate "^1.4.0"

regenerate@^1.4.0:
  version "1.4.0"
  resolved "https://registry.yarnpkg.com/regenerate/-/regenerate-1.4.0.tgz#4a856ec4b56e4077c557589cae85e7a4c8869a11"

regexpu-core@^4.2.0:
  version "4.2.0"
  resolved "https://registry.yarnpkg.com/regexpu-core/-/regexpu-core-4.2.0.tgz#a3744fa03806cffe146dea4421a3e73bdcc47b1d"
  dependencies:
    regenerate "^1.4.0"
    regenerate-unicode-properties "^7.0.0"
    regjsgen "^0.4.0"
    regjsparser "^0.3.0"
    unicode-match-property-ecmascript "^1.0.4"
    unicode-match-property-value-ecmascript "^1.0.2"

regjsgen@^0.4.0:
  version "0.4.0"
  resolved "https://registry.yarnpkg.com/regjsgen/-/regjsgen-0.4.0.tgz#c1eb4c89a209263f8717c782591523913ede2561"

regjsparser@^0.3.0:
  version "0.3.0"
  resolved "https://registry.yarnpkg.com/regjsparser/-/regjsparser-0.3.0.tgz#3c326da7fcfd69fa0d332575a41c8c0cdf588c96"
  dependencies:
    jsesc "~0.5.0"

restream@2.1.0:
  version "2.1.0"
  resolved "https://registry.yarnpkg.com/restream/-/restream-2.1.0.tgz#934e177343e81bd6a64fc555f91085544da56db1"

spawncommand@1.1.0:
  version "1.1.0"
  resolved "https://registry.yarnpkg.com/spawncommand/-/spawncommand-1.1.0.tgz#80a56ed3c06ab3b91643cf3f6cef38bf582fdb15"
  dependencies:
    catchment "^1.0.0"

spawncommand@2.0.1:
  version "2.0.1"
  resolved "https://registry.yarnpkg.com/spawncommand/-/spawncommand-2.0.1.tgz#088476fd8aa3c63932309ce0e76a8924d51a34ab"
  dependencies:
    catchment "2.0.1"

unicode-canonical-property-names-ecmascript@^1.0.4:
  version "1.0.4"
  resolved "https://registry.yarnpkg.com/unicode-canonical-property-names-ecmascript/-/unicode-canonical-property-names-ecmascript-1.0.4.tgz#2619800c4c825800efdd8343af7dd9933cbe2818"

unicode-match-property-ecmascript@^1.0.4:
  version "1.0.4"
  resolved "https://registry.yarnpkg.com/unicode-match-property-ecmascript/-/unicode-match-property-ecmascript-1.0.4.tgz#8ed2a32569961bce9227d09cd3ffbb8fed5f020c"
  dependencies:
    unicode-canonical-property-names-ecmascript "^1.0.4"
    unicode-property-aliases-ecmascript "^1.0.4"

unicode-match-property-value-ecmascript@^1.0.2:
  version "1.0.2"
  resolved "https://registry.yarnpkg.com/unicode-match-property-value-ecmascript/-/unicode-match-property-value-ecmascript-1.0.2.tgz#9f1dc76926d6ccf452310564fd834ace059663d4"

unicode-property-aliases-ecmascript@^1.0.4:
  version "1.0.4"
  resolved "https://registry.yarnpkg.com/unicode-property-aliases-ecmascript/-/unicode-property-aliases-ecmascript-1.0.4.tgz#5a533f31b4317ea76f17d807fa0d116546111dd0"

wordwrap@>=0.0.2:
  version "1.0.0"
  resolved "https://registry.yarnpkg.com/wordwrap/-/wordwrap-1.0.0.tgz#27584810891456a4171c8d0226441ade90cbcaeb"

yarn-s@1.1.0:
  version "1.1.0"
  resolved "https://registry.yarnpkg.com/yarn-s/-/yarn-s-1.1.0.tgz#8c65555d7c7ccb5a61e18440b8b0e4cb48b76b9d"
  dependencies:
    spawncommand "1.1.0"

zoroaster@2.1.0:
  version "2.1.0"
  resolved "https://registry.yarnpkg.com/zoroaster/-/zoroaster-2.1.0.tgz#93e698ae87be2c5ff7dcbf305abec75058561ada"
  dependencies:
    assert-diff "1.2.6"
    assert-throws "2.1.0"
    catchment "2.0.1"
    clean-stack "1.3.0"
    promto "1.0.1"
    spawncommand "2.0.1"
    yarn-s "1.1.0"
